
Microsoft Visual Studio Solution File, Format Version 12.00
# Visual Studio Version 17
VisualStudioVersion = 17.13.35919.96 d17.13
MinimumVisualStudioVersion = 10.0.40219.1
Project("{FAE04EC0-301F-11D3-BF4B-00C04F79EFBC}") = "RapidApi_Currency", "RapidApi_Currency\RapidApi_Currency.csproj", "{EBB58438-DCB3-4453-A7D2-431A73E10E31}"
EndProject
Global
	GlobalSection(SolutionConfigurationPlatforms) = preSolution
		Debug|Any CPU = Debug|Any CPU
		Release|Any CPU = Release|Any CPU
	EndGlobalSection
	GlobalSection(ProjectConfigurationPlatforms) = postSolution
		{EBB58438-DCB3-4453-A7D2-431A73E10E31}.Debug|Any CPU.ActiveCfg = Debug|Any CPU
		{EBB58438-DCB3-4453-A7D2-431A73E10E31}.Debug|Any CPU.Build.0 = Debug|Any CPU
		{EBB58438-DCB3-4453-A7D2-431A73E10E31}.Release|Any CPU.ActiveCfg = Release|Any CPU
		{EBB58438-DCB3-4453-A7D2-431A73E10E31}.Release|Any CPU.Build.0 = Release|Any CPU
	EndGlobalSection
	GlobalSection(SolutionProperties) = preSolution
		HideSolutionNode = FALSE
	EndGlobalSection
	GlobalSection(ExtensibilityGlobals) = postSolution
		SolutionGuid = {D66DCEBB-B9E6-433B-8AAD-94A969573542}
	EndGlobalSection
EndGlobal
